
Microsoft Visual Studio Solution File, Format Version 12.00
# Visual Studio Version 16
VisualStudioVersion = 16.0.30907.101
MinimumVisualStudioVersion = 10.0.40219.1
Project("{9A19103F-16F7-4668-BE54-9A1E7A4F7556}") = "SignalRApp", "SygnalRApp\SignalRApp.csproj", "{4DA57725-839F-40B5-93C4-03DE5EE691D0}"
EndProject
Global
	GlobalSection(SolutionConfigurationPlatforms) = preSolution
		Debug|Any CPU = Debug|Any CPU
		Release|Any CPU = Release|Any CPU
	EndGlobalSection
	GlobalSection(ProjectConfigurationPlatforms) = postSolution
		{4DA57725-839F-40B5-93C4-03DE5EE691D0}.Debug|Any CPU.ActiveCfg = Debug|Any CPU
		{4DA57725-839F-40B5-93C4-03DE5EE691D0}.Debug|Any CPU.Build.0 = Debug|Any CPU
		{4DA57725-839F-40B5-93C4-03DE5EE691D0}.Release|Any CPU.ActiveCfg = Release|Any CPU
		{4DA57725-839F-40B5-93C4-03DE5EE691D0}.Release|Any CPU.Build.0 = Release|Any CPU
	EndGlobalSection
	GlobalSection(SolutionProperties) = preSolution
		HideSolutionNode = FALSE
	EndGlobalSection
	GlobalSection(ExtensibilityGlobals) = postSolution
		SolutionGuid = {80F4A28C-D9FB-45CB-BF7F-D7A476D07535}
	EndGlobalSection
EndGlobal
